# generated by rye
# use `rye lock` or `rye sync` to update this lockfile
#
# last locked with the following flags:
#   pre: false
#   features: []
#   all-features: true
#   with-sources: false
#   generate-hashes: false

-e file:.
black==24.4.2
cfgv==3.4.0
    # via pre-commit
click==8.1.7
    # via black
distlib==0.3.8
    # via virtualenv
filelock==3.15.4
    # via virtualenv
identify==2.5.36
    # via pre-commit
isort==5.13.2
mypy==1.10.0
mypy-extensions==1.0.0
    # via black
    # via mypy
nodeenv==1.9.1
    # via pre-commit
packaging==24.1
    # via black
pathspec==0.12.1
    # via black
platformdirs==4.2.2
    # via black
    # via virtualenv
pre-commit==3.7.1
pyyaml==6.0.1
    # via pre-commit
ruff==0.4.10
typing-extensions==4.12.2
    # via mypy
virtualenv==20.26.3
    # via pre-commit
